
Microsoft Visual Studio Solution File, Format Version 12.00
# Visual Studio Version 17
VisualStudioVersion = 17.6.33829.357
MinimumVisualStudioVersion = 10.0.40219.1
Project("{FAE04EC0-301F-11D3-BF4B-00C04F79EFBC}") = "Uncorrupted", "Uncorrupted.csproj", "{99086E26-5E31-468F-A8C2-7B1AA2533346}"
EndProject
Global
	GlobalSection(SolutionConfigurationPlatforms) = preSolution
		Debug|Any CPU = Debug|Any CPU
		Release|Any CPU = Release|Any CPU
	EndGlobalSection
	GlobalSection(ProjectConfigurationPlatforms) = postSolution
		{99086E26-5E31-468F-A8C2-7B1AA2533346}.Debug|Any CPU.ActiveCfg = Debug|Any CPU
		{99086E26-5E31-468F-A8C2-7B1AA2533346}.Debug|Any CPU.Build.0 = Debug|Any CPU
		{99086E26-5E31-468F-A8C2-7B1AA2533346}.Release|Any CPU.ActiveCfg = Release|Any CPU
		{99086E26-5E31-468F-A8C2-7B1AA2533346}.Release|Any CPU.Build.0 = Release|Any CPU
	EndGlobalSection
	GlobalSection(SolutionProperties) = preSolution
		HideSolutionNode = FALSE
	EndGlobalSection
	GlobalSection(ExtensibilityGlobals) = postSolution
		SolutionGuid = {D44F345A-D2E1-41A8-8EC7-431EC344710A}
	EndGlobalSection
EndGlobal
